
Microsoft Visual Studio Solution File, Format Version 12.00
# Visual Studio Version 17
VisualStudioVersion = 17.2.32630.192
MinimumVisualStudioVersion = 10.0.40219.1
Project("{FAE04EC0-301F-11D3-BF4B-00C04F79EFBC}") = "CityInfo.API", "CityInfo.API\CityInfo.API.csproj", "{109F5861-5D73-4F8E-85F6-13661A32A3BF}"
EndProject
Global
	GlobalSection(SolutionConfigurationPlatforms) = preSolution
		Debug|Any CPU = Debug|Any CPU
		Release|Any CPU = Release|Any CPU
	EndGlobalSection
	GlobalSection(ProjectConfigurationPlatforms) = postSolution
		{109F5861-5D73-4F8E-85F6-13661A32A3BF}.Debug|Any CPU.ActiveCfg = Debug|Any CPU
		{109F5861-5D73-4F8E-85F6-13661A32A3BF}.Debug|Any CPU.Build.0 = Debug|Any CPU
		{109F5861-5D73-4F8E-85F6-13661A32A3BF}.Release|Any CPU.ActiveCfg = Release|Any CPU
		{109F5861-5D73-4F8E-85F6-13661A32A3BF}.Release|Any CPU.Build.0 = Release|Any CPU
	EndGlobalSection
	GlobalSection(SolutionProperties) = preSolution
		HideSolutionNode = FALSE
	EndGlobalSection
	GlobalSection(ExtensibilityGlobals) = postSolution
		SolutionGuid = {F0316355-BF18-4AAB-8AF8-E0005173FDAD}
	EndGlobalSection
EndGlobal
